
Microsoft Visual Studio Solution File, Format Version 12.00
# Visual Studio Version 17
VisualStudioVersion = 17.6.33815.320
MinimumVisualStudioVersion = 10.0.40219.1
Project("{FAE04EC0-301F-11D3-BF4B-00C04F79EFBC}") = "Secao5", "Secao5\Secao5.csproj", "{2E07BDBC-19F7-4BFB-A706-EFAEFD222D42}"
EndProject
Global
	GlobalSection(SolutionConfigurationPlatforms) = preSolution
		Debug|Any CPU = Debug|Any CPU
		Release|Any CPU = Release|Any CPU
	EndGlobalSection
	GlobalSection(ProjectConfigurationPlatforms) = postSolution
		{2E07BDBC-19F7-4BFB-A706-EFAEFD222D42}.Debug|Any CPU.ActiveCfg = Debug|Any CPU
		{2E07BDBC-19F7-4BFB-A706-EFAEFD222D42}.Debug|Any CPU.Build.0 = Debug|Any CPU
		{2E07BDBC-19F7-4BFB-A706-EFAEFD222D42}.Release|Any CPU.ActiveCfg = Release|Any CPU
		{2E07BDBC-19F7-4BFB-A706-EFAEFD222D42}.Release|Any CPU.Build.0 = Release|Any CPU
	EndGlobalSection
	GlobalSection(SolutionProperties) = preSolution
		HideSolutionNode = FALSE
	EndGlobalSection
	GlobalSection(ExtensibilityGlobals) = postSolution
		SolutionGuid = {BB1DC3F4-5A31-4319-9AD6-0417D86297B1}
	EndGlobalSection
EndGlobal
